
Microsoft Visual Studio Solution File, Format Version 12.00
# Visual Studio Version 17
VisualStudioVersion = 17.14.37314.3 d17.14
MinimumVisualStudioVersion = 10.0.40219.1
Project("{FAE04EC0-301F-11D3-BF4B-00C04F79EFBC}") = "Homework9", "Homework9\Homework9.csproj", "{4ED33A51-14B9-4C49-8407-2E397FA264CB}"
EndProject
Global
	GlobalSection(SolutionConfigurationPlatforms) = preSolution
		Debug|Any CPU = Debug|Any CPU
		Release|Any CPU = Release|Any CPU
	EndGlobalSection
	GlobalSection(ProjectConfigurationPlatforms) = postSolution
		{4ED33A51-14B9-4C49-8407-2E397FA264CB}.Debug|Any CPU.ActiveCfg = Debug|Any CPU
		{4ED33A51-14B9-4C49-8407-2E397FA264CB}.Debug|Any CPU.Build.0 = Debug|Any CPU
		{4ED33A51-14B9-4C49-8407-2E397FA264CB}.Release|Any CPU.ActiveCfg = Release|Any CPU
		{4ED33A51-14B9-4C49-8407-2E397FA264CB}.Release|Any CPU.Build.0 = Release|Any CPU
	EndGlobalSection
	GlobalSection(SolutionProperties) = preSolution
		HideSolutionNode = FALSE
	EndGlobalSection
	GlobalSection(ExtensibilityGlobals) = postSolution
		SolutionGuid = {469D8A42-5D32-402C-9623-AF11873331B6}
	EndGlobalSection
EndGlobal
